<?xml version="1.0" encoding="utf-8"?>
<Project ToolsVersion="4.0" xmlns="http://schemas.microsoft.com/developer/msbuild/2003">
  <ItemGroup>
    <Filter Include="소스 파일">
      <UniqueIdentifier>{4FC737F1-C7A5-4376-A066-2A32D752A2FF}</UniqueIdentifier>
      <Extensions>cpp;c;cc;cxx;def;odl;idl;hpj;bat;asm;asmx</Extensions>
    </Filter>
    <Filter Include="헤더 파일">
      <UniqueIdentifier>{93995380-89BD-4b04-88EB-625FBE52EBFB}</UniqueIdentifier>
      <Extensions>h;hh;hpp;hxx;hm;inl;inc;ipp;xsd</Extensions>
    </Filter>
    <Filter Include="리소스 파일">
      <UniqueIdentifier>{67DA6AB6-F800-4c08-8B7A-83BB121AAD01}</UniqueIdentifier>
      <Extensions>rc;ico;cur;bmp;dlg;rc2;rct;bin;rgs;gif;jpg;jpeg;jpe;resx;tiff;tif;png;wav;mfcribbon-ms</Extensions>
    </Filter>
    <Filter Include="DirectXTK">
      <UniqueIdentifier>{d6fbdcf0-f173-43aa-b45f-60d7347f3b63}</UniqueIdentifier>
    </Filter>
    <Filter Include="HLSL">
      <UniqueIdentifier>{fa689dc7-4ad1-4afc-8c8e-0c36f7d83a40}</UniqueIdentifier>
    </Filter>
  </ItemGroup>
  <ItemGroup>
    <ClInclude Include="DirectXTK\Audio.h">
      <Filter>DirectXTK</Filter>
    </ClInclude>
    <ClInclude Include="DirectXTK\CommonStates.h">
      <Filter>DirectXTK</Filter>
    </ClInclude>
    <ClInclude Include="DirectXTK\DDSTextureLoader.h">
      <Filter>DirectXTK</Filter>
    </ClInclude>
    <ClInclude Include="DirectXTK\DirectXHelpers.h">
      <Filter>DirectXTK</Filter>
    </ClInclude>
    <ClInclude Include="DirectXTK\Effects.h">
      <Filter>DirectXTK</Filter>
    </ClInclude>
    <ClInclude Include="DirectXTK\GamePad.h">
      <Filter>DirectXTK</Filter>
    </ClInclude>
    <ClInclude Include="DirectXTK\GeometricPrimitive.h">
      <Filter>DirectXTK</Filter>
    </ClInclude>
    <ClInclude Include="DirectXTK\GraphicsMemory.h">
      <Filter>DirectXTK</Filter>
    </ClInclude>
    <ClInclude Include="DirectXTK\Keyboard.h">
      <Filter>DirectXTK</Filter>
    </ClInclude>
    <ClInclude Include="DirectXTK\Model.h">
      <Filter>DirectXTK</Filter>
    </ClInclude>
    <ClInclude Include="DirectXTK\Mouse.h">
      <Filter>DirectXTK</Filter>
    </ClInclude>
    <ClInclude Include="DirectXTK\pch.h">
      <Filter>DirectXTK</Filter>
    </ClInclude>
    <ClInclude Include="DirectXTK\PostProcess.h">
      <Filter>DirectXTK</Filter>
    </ClInclude>
    <ClInclude Include="DirectXTK\PrimitiveBatch.h">
      <Filter>DirectXTK</Filter>
    </ClInclude>
    <ClInclude Include="DirectXTK\ScreenGrab.h">
      <Filter>DirectXTK</Filter>
    </ClInclude>
    <ClInclude Include="DirectXTK\SpriteBatch.h">
      <Filter>DirectXTK</Filter>
    </ClInclude>
    <ClInclude Include="DirectXTK\SpriteFont.h">
      <Filter>DirectXTK</Filter>
    </ClInclude>
    <ClInclude Include="DirectXTK\VertexTypes.h">
      <Filter>DirectXTK</Filter>
    </ClInclude>
    <ClInclude Include="DirectXTK\WICTextureLoader.h">
      <Filter>DirectXTK</Filter>
    </ClInclude>
    <ClInclude Include="DirectXTK\XboxDDSTextureLoader.h">
      <Filter>DirectXTK</Filter>
    </ClInclude>
    <ClInclude Include="HLSL\MainHeader.hlsl">
      <Filter>HLSL</Filter>
    </ClInclude>
    <ClInclude Include="CCamera.h">
      <Filter>소스 파일</Filter>
    </ClInclude>
    <ClInclude Include="CDX11Minimal.h">
      <Filter>소스 파일</Filter>
    </ClInclude>
    <ClInclude Include="CInput.h">
      <Filter>소스 파일</Filter>
    </ClInclude>
    <ClInclude Include="CMeshContainer.h">
      <Filter>소스 파일</Filter>
    </ClInclude>
    <ClInclude Include="SharedHeader.h">
      <Filter>소스 파일</Filter>
    </ClInclude>
  </ItemGroup>
  <ItemGroup>
    <FxCompile Include="HLSL\PSMain.hlsl">
      <Filter>HLSL</Filter>
    </FxCompile>
    <FxCompile Include="HLSL\VSMain.hlsl">
      <Filter>HLSL</Filter>
    </FxCompile>
  </ItemGroup>
  <ItemGroup>
    <ClCompile Include="CCamera.cpp">
      <Filter>소스 파일</Filter>
    </ClCompile>
    <ClCompile Include="CDX11Minimal.cpp">
      <Filter>소스 파일</Filter>
    </ClCompile>
    <ClCompile Include="CInput.cpp">
      <Filter>소스 파일</Filter>
    </ClCompile>
    <ClCompile Include="CMeshContainer.cpp">
      <Filter>소스 파일</Filter>
    </ClCompile>
    <ClCompile Include="main.cpp">
      <Filter>소스 파일</Filter>
    </ClCompile>
  </ItemGroup>
</Project>